// !$*UTF8*$!
{
	archiveVersion = 1;
	classes = {
	};
	objectVersion = 53;
	objects = {

/* Begin PBXBuildFile section */
		664F905BBF9567FA3C7CADDE /* Assets.xcassets in Resources */ = {isa = PBXBuildFile; fileRef = 5C26C4AC98C271D1746ED9F7 /* Assets.xcassets */; };
		AF02064BDCB0B82111C5497C /* LaunchScreen.storyboard in Resources */ = {isa = PBXBuildFile; fileRef = 506CA6140572154899806FE8 /* LaunchScreen.storyboard */; };
		C57772555ACA42BAB2863A8E /* Main.storyboard in Resources */ = {isa = PBXBuildFile; fileRef = FE3F9365ED9FC31F8D88EB76 /* Main.storyboard */; };
		D013CF09A5C835B6D8EA2D49 /* Pods_ModularPodTest.framework in Frameworks */ = {isa = PBXBuildFile; fileRef = 3413C22D200654AFFA1ABCAB /* Pods_ModularPodTest.framework */; };
		E14D356890DE2F9441D27C10 /* AppDelegate.swift in Sources */ = {isa = PBXBuildFile; fileRef = 7FFD42AB2ACBAC1B61F215DE /* AppDelegate.swift */; };
		FBC0E0957A9250EF0891AA60 /* ViewController.swift in Sources */ = {isa = PBXBuildFile; fileRef = 806640FB5DB734779498F13F /* ViewController.swift */; };
/* End PBXBuildFile section */

/* Begin PBXFileReference section */
		0436BB6A3801C934AB8A0F27 /* Base */ = {isa = PBXFileReference; lastKnownFileType = file.storyboard; name = Base; path = Base.lproj/LaunchScreen.storyboard; sourceTree = "<group>"; };
		060E6AFED0EC0CE927E465F8 /* Pods-ModularPodTest.release.xcconfig */ = {isa = PBXFileReference; includeInIndex = 1; lastKnownFileType = text.xcconfig; name = "Pods-ModularPodTest.release.xcconfig"; path = "Target Support Files/Pods-ModularPodTest/Pods-ModularPodTest.release.xcconfig"; sourceTree = "<group>"; };
		3413C22D200654AFFA1ABCAB /* Pods_ModularPodTest.framework */ = {isa = PBXFileReference; explicitFileType = wrapper.framework; includeInIndex = 0; path = Pods_ModularPodTest.framework; sourceTree = BUILT_PRODUCTS_DIR; };
		5C26C4AC98C271D1746ED9F7 /* Assets.xcassets */ = {isa = PBXFileReference; lastKnownFileType = folder.assetcatalog; path = Assets.xcassets; sourceTree = "<group>"; };
		5F7A625D8C8BD980B6D82026 /* Base */ = {isa = PBXFileReference; lastKnownFileType = file.storyboard; name = Base; path = Base.lproj/Main.storyboard; sourceTree = "<group>"; };
		7FFD42AB2ACBAC1B61F215DE /* AppDelegate.swift */ = {isa = PBXFileReference; lastKnownFileType = sourcecode.swift; path = AppDelegate.swift; sourceTree = "<group>"; };
		806640FB5DB734779498F13F /* ViewController.swift */ = {isa = PBXFileReference; lastKnownFileType = sourcecode.swift; path = ViewController.swift; sourceTree = "<group>"; };
		8FC97036B129E1BFAD5FC233 /* ModularPodTest.app */ = {isa = PBXFileReference; explicitFileType = wrapper.application; includeInIndex = 0; path = ModularPodTest.app; sourceTree = BUILT_PRODUCTS_DIR; };
		C2F1A827EFE8B3D9B92B5166 /* Info.plist */ = {isa = PBXFileReference; lastKnownFileType = text.plist; path = Info.plist; sourceTree = "<group>"; };
		D661D854FFCEA236AB6FAE93 /* Pods-ModularPodTest.debug.xcconfig */ = {isa = PBXFileReference; includeInIndex = 1; lastKnownFileType = text.xcconfig; name = "Pods-ModularPodTest.debug.xcconfig"; path = "Target Support Files/Pods-ModularPodTest/Pods-ModularPodTest.debug.xcconfig"; sourceTree = "<group>"; };
/* End PBXFileReference section */

/* Begin PBXFrameworksBuildPhase section */
		F878371152643B3B4389B77A /* Frameworks */ = {
			isa = PBXFrameworksBuildPhase;
			buildActionMask = 2147483647;
			files = (
				D013CF09A5C835B6D8EA2D49 /* Pods_ModularPodTest.framework in Frameworks */,
			);
			runOnlyForDeploymentPostprocessing = 0;
		};
/* End PBXFrameworksBuildPhase section */

/* Begin PBXGroup section */
		3401B5124FB27B7B9E04276D /* Frameworks */ = {
			isa = PBXGroup;
			children = (
				3413C22D200654AFFA1ABCAB /* Pods_ModularPodTest.framework */,
			);
			name = Frameworks;
			sourceTree = "<group>";
		};
		4BA35FCC859562AB7B834516 /* Products */ = {
			isa = PBXGroup;
			children = (
				8FC97036B129E1BFAD5FC233 /* ModularPodTest.app */,
			);
			name = Products;
			sourceTree = "<group>";
		};
		4C51805826B27F6918790454 /* ModularPodTest */ = {
			isa = PBXGroup;
			children = (
				7FFD42AB2ACBAC1B61F215DE /* AppDelegate.swift */,
				5C26C4AC98C271D1746ED9F7 /* Assets.xcassets */,
				C2F1A827EFE8B3D9B92B5166 /* Info.plist */,
				506CA6140572154899806FE8 /* LaunchScreen.storyboard */,
				FE3F9365ED9FC31F8D88EB76 /* Main.storyboard */,
				806640FB5DB734779498F13F /* ViewController.swift */,
			);
			path = ModularPodTest;
			sourceTree = "<group>";
		};
		BDD5746A1F633DBF21E37840 /* Pods */ = {
			isa = PBXGroup;
			children = (
				D661D854FFCEA236AB6FAE93 /* Pods-ModularPodTest.debug.xcconfig */,
				060E6AFED0EC0CE927E465F8 /* Pods-ModularPodTest.release.xcconfig */,
			);
			path = Pods;
			sourceTree = "<group>";
		};
		CCCB3E60C21DBF173390418A = {
			isa = PBXGroup;
			children = (
				4C51805826B27F6918790454 /* ModularPodTest */,
				4BA35FCC859562AB7B834516 /* Products */,
				BDD5746A1F633DBF21E37840 /* Pods */,
				3401B5124FB27B7B9E04276D /* Frameworks */,
			);
			sourceTree = "<group>";
		};
/* End PBXGroup section */

/* Begin PBXNativeTarget section */
		FF6AF24DAD5737A2C242F99A /* ModularPodTest */ = {
			isa = PBXNativeTarget;
			buildConfigurationList = 5E01088D1FFCEA9CE8AD5441 /* Build configuration list for PBXNativeTarget "ModularPodTest" */;
			buildPhases = (
				9AF8A64251706362786F0C8C /* [CP] Check Pods Manifest.lock */,
				3BE460B37E547B095EB8187B /* Sources */,
				6F77694CD348A71A96A47834 /* Resources */,
				F878371152643B3B4389B77A /* Frameworks */,
				9F607FF81565410AFFA6AFE0 /* [CP] Embed Pods Frameworks */,
			);
			buildRules = (
			);
			dependencies = (
			);
			name = ModularPodTest;
			productName = ModularPodTest;
			productReference = 8FC97036B129E1BFAD5FC233 /* ModularPodTest.app */;
			productType = "com.apple.product-type.application";
		};
/* End PBXNativeTarget section */

/* Begin PBXProject section */
		D40187B2B507B9159CEB3227 /* Project object */ = {
			isa = PBXProject;
			attributes = {
				BuildIndependentTargetsInParallel = YES;
				LastUpgradeCheck = 1430;
			};
			buildConfigurationList = C1AA1BBDEBA8A2539509AF92 /* Build configuration list for PBXProject "ModularPodTest" */;
			compatibilityVersion = "Xcode 11.0";
			developmentRegion = en;
			hasScannedForEncodings = 0;
			knownRegions = (
				Base,
				en,
			);
			mainGroup = CCCB3E60C21DBF173390418A;
			productRefGroup = 4BA35FCC859562AB7B834516 /* Products */;
			projectDirPath = "";
			projectRoot = "";
			targets = (
				FF6AF24DAD5737A2C242F99A /* ModularPodTest */,
			);
		};
/* End PBXProject section */

/* Begin PBXResourcesBuildPhase section */
		6F77694CD348A71A96A47834 /* Resources */ = {
			isa = PBXResourcesBuildPhase;
			buildActionMask = 2147483647;
			files = (
				664F905BBF9567FA3C7CADDE /* Assets.xcassets in Resources */,
				AF02064BDCB0B82111C5497C /* LaunchScreen.storyboard in Resources */,
				C57772555ACA42BAB2863A8E /* Main.storyboard in Resources */,
			);
			runOnlyForDeploymentPostprocessing = 0;
		};
/* End PBXResourcesBuildPhase section */

/* Begin PBXShellScriptBuildPhase section */
		9AF8A64251706362786F0C8C /* [CP] Check Pods Manifest.lock */ = {
			isa = PBXShellScriptBuildPhase;
			buildActionMask = 2147483647;
			files = (
			);
			inputFileListPaths = (
			);
			inputPaths = (
				"${PODS_PODFILE_DIR_PATH}/Podfile.lock",
				"${PODS_ROOT}/Manifest.lock",
			);
			name = "[CP] Check Pods Manifest.lock";
			outputFileListPaths = (
			);
			outputPaths = (
				"$(DERIVED_FILE_DIR)/Pods-ModularPodTest-checkManifestLockResult.txt",
			);
			runOnlyForDeploymentPostprocessing = 0;
			shellPath = /bin/sh;
			shellScript = "diff \"${PODS_PODFILE_DIR_PATH}/Podfile.lock\" \"${PODS_ROOT}/Manifest.lock\" > /dev/null\nif [ $? != 0 ] ; then\n    # print error to STDERR\n    echo \"error: The sandbox is not in sync with the Podfile.lock. Run 'pod install' or update your CocoaPods installation.\" >&2\n    exit 1\nfi\n# This output is used by Xcode 'outputs' to avoid re-running this script phase.\necho \"SUCCESS\" > \"${SCRIPT_OUTPUT_FILE_0}\"\n";
			showEnvVarsInLog = 0;
		};
		9F607FF81565410AFFA6AFE0 /* [CP] Embed Pods Frameworks */ = {
			isa = PBXShellScriptBuildPhase;
			buildActionMask = 2147483647;
			files = (
			);
			inputFileListPaths = (
				"${PODS_ROOT}/Target Support Files/Pods-ModularPodTest/Pods-ModularPodTest-frameworks-${CONFIGURATION}-input-files.xcfilelist",
			);
			name = "[CP] Embed Pods Frameworks";
			outputFileListPaths = (
				"${PODS_ROOT}/Target Support Files/Pods-ModularPodTest/Pods-ModularPodTest-frameworks-${CONFIGURATION}-output-files.xcfilelist",
			);
			runOnlyForDeploymentPostprocessing = 0;
			shellPath = /bin/sh;
			shellScript = "\"${PODS_ROOT}/Target Support Files/Pods-ModularPodTest/Pods-ModularPodTest-frameworks.sh\"\n";
			showEnvVarsInLog = 0;
		};
/* End PBXShellScriptBuildPhase section */

/* Begin PBXSourcesBuildPhase section */
		3BE460B37E547B095EB8187B /* Sources */ = {
			isa = PBXSourcesBuildPhase;
			buildActionMask = 2147483647;
			files = (
				E14D356890DE2F9441D27C10 /* AppDelegate.swift in Sources */,
				FBC0E0957A9250EF0891AA60 /* ViewController.swift in Sources */,
			);
			runOnlyForDeploymentPostprocessing = 0;
		};
/* End PBXSourcesBuildPhase section */

/* Begin PBXVariantGroup section */
		506CA6140572154899806FE8 /* LaunchScreen.storyboard */ = {
			isa = PBXVariantGroup;
			children = (
				0436BB6A3801C934AB8A0F27 /* Base */,
			);
			name = LaunchScreen.storyboard;
			sourceTree = "<group>";
		};
		FE3F9365ED9FC31F8D88EB76 /* Main.storyboard */ = {
			isa = PBXVariantGroup;
			children = (
				5F7A625D8C8BD980B6D82026 /* Base */,
			);
			name = Main.storyboard;
			sourceTree = "<group>";
		};
/* End PBXVariantGroup section */

/* Begin XCBuildConfiguration section */
		04D56C90683C995F5762F4EF /* Debug */ = {
			isa = XCBuildConfiguration;
			baseConfigurationReference = D661D854FFCEA236AB6FAE93 /* Pods-ModularPodTest.debug.xcconfig */;
			buildSettings = {
				ASSETCATALOG_COMPILER_APPICON_NAME = AppIcon;
				CODE_SIGN_IDENTITY = "iPhone Developer";
				CURRENT_PROJECT_VERSION = 1;
				INFOPLIST_FILE = ModularPodTest/Info.plist;
				LD_RUNPATH_SEARCH_PATHS = (
					"$(inherited)",
					"@executable_path/Frameworks",
				);
				MARKETING_VERSION = 1.0.0;
				PRODUCT_BUNDLE_IDENTIFIER = adereskita.ModularPodTest.ModularPodTest;
				SDKROOT = iphoneos;
				TARGETED_DEVICE_FAMILY = "1,2";
			};
			name = Debug;
		};
		4CBC8A186F79FC56CE26EC37 /* Debug */ = {
			isa = XCBuildConfiguration;
			buildSettings = {
				ALWAYS_SEARCH_USER_PATHS = NO;
				CLANG_ANALYZER_NONNULL = YES;
				CLANG_ANALYZER_NUMBER_OBJECT_CONVERSION = YES_AGGRESSIVE;
				CLANG_CXX_LANGUAGE_STANDARD = "gnu++14";
				CLANG_CXX_LIBRARY = "libc++";
				CLANG_ENABLE_MODULES = YES;
				CLANG_ENABLE_OBJC_ARC = YES;
				CLANG_ENABLE_OBJC_WEAK = YES;
				CLANG_WARN_BLOCK_CAPTURE_AUTORELEASING = YES;
				CLANG_WARN_BOOL_CONVERSION = YES;
				CLANG_WARN_COMMA = YES;
				CLANG_WARN_CONSTANT_CONVERSION = YES;
				CLANG_WARN_DEPRECATED_OBJC_IMPLEMENTATIONS = YES;
				CLANG_WARN_DIRECT_OBJC_ISA_USAGE = YES_ERROR;
				CLANG_WARN_DOCUMENTATION_COMMENTS = YES;
				CLANG_WARN_EMPTY_BODY = YES;
				CLANG_WARN_ENUM_CONVERSION = YES;
				CLANG_WARN_INFINITE_RECURSION = YES;
				CLANG_WARN_INT_CONVERSION = YES;
				CLANG_WARN_NON_LITERAL_NULL_CONVERSION = YES;
				CLANG_WARN_OBJC_IMPLICIT_RETAIN_SELF = YES;
				CLANG_WARN_OBJC_LITERAL_CONVERSION = YES;
				CLANG_WARN_OBJC_ROOT_CLASS = YES_ERROR;
				CLANG_WARN_QUOTED_INCLUDE_IN_FRAMEWORK_HEADER = YES;
				CLANG_WARN_RANGE_LOOP_ANALYSIS = YES;
				CLANG_WARN_STRICT_PROTOTYPES = YES;
				CLANG_WARN_SUSPICIOUS_MOVE = YES;
				CLANG_WARN_UNGUARDED_AVAILABILITY = YES_AGGRESSIVE;
				CLANG_WARN_UNREACHABLE_CODE = YES;
				CLANG_WARN__DUPLICATE_METHOD_MATCH = YES;
				COPY_PHASE_STRIP = NO;
				DEBUG_INFORMATION_FORMAT = dwarf;
				ENABLE_STRICT_OBJC_MSGSEND = YES;
				ENABLE_TESTABILITY = YES;
				GCC_C_LANGUAGE_STANDARD = gnu11;
				GCC_DYNAMIC_NO_PIC = NO;
				GCC_NO_COMMON_BLOCKS = YES;
				GCC_OPTIMIZATION_LEVEL = 0;
				GCC_PREPROCESSOR_DEFINITIONS = (
					"$(inherited)",
					"DEBUG=1",
				);
				GCC_WARN_64_TO_32_BIT_CONVERSION = YES;
				GCC_WARN_ABOUT_RETURN_TYPE = YES_ERROR;
				GCC_WARN_UNDECLARED_SELECTOR = YES;
				GCC_WARN_UNINITIALIZED_AUTOS = YES_AGGRESSIVE;
				GCC_WARN_UNUSED_FUNCTION = YES;
				GCC_WARN_UNUSED_VARIABLE = YES;
				IPHONEOS_DEPLOYMENT_TARGET = 13.0;
				MTL_ENABLE_DEBUG_INFO = INCLUDE_SOURCE;
				MTL_FAST_MATH = YES;
				ONLY_ACTIVE_ARCH = YES;
				PRODUCT_NAME = "$(TARGET_NAME)";
				SDKROOT = iphoneos;
				SWIFT_ACTIVE_COMPILATION_CONDITIONS = DEBUG;
				SWIFT_OPTIMIZATION_LEVEL = "-Onone";
				SWIFT_VERSION = 5.0;
			};
			name = Debug;
		};
		57494780BAD97F009BEEEA18 /* Release */ = {
			isa = XCBuildConfiguration;
			buildSettings = {
				ALWAYS_SEARCH_USER_PATHS = NO;
				CLANG_ANALYZER_NONNULL = YES;
				CLANG_ANALYZER_NUMBER_OBJECT_CONVERSION = YES_AGGRESSIVE;
				CLANG_CXX_LANGUAGE_STANDARD = "gnu++14";
				CLANG_CXX_LIBRARY = "libc++";
				CLANG_ENABLE_MODULES = YES;
				CLANG_ENABLE_OBJC_ARC = YES;
				CLANG_ENABLE_OBJC_WEAK = YES;
				CLANG_WARN_BLOCK_CAPTURE_AUTORELEASING = YES;
				CLANG_WARN_BOOL_CONVERSION = YES;
				CLANG_WARN_COMMA = YES;
				CLANG_WARN_CONSTANT_CONVERSION = YES;
				CLANG_WARN_DEPRECATED_OBJC_IMPLEMENTATIONS = YES;
				CLANG_WARN_DIRECT_OBJC_ISA_USAGE = YES_ERROR;
				CLANG_WARN_DOCUMENTATION_COMMENTS = YES;
				CLANG_WARN_EMPTY_BODY = YES;
				CLANG_WARN_ENUM_CONVERSION = YES;
				CLANG_WARN_INFINITE_RECURSION = YES;
				CLANG_WARN_INT_CONVERSION = YES;
				CLANG_WARN_NON_LITERAL_NULL_CONVERSION = YES;
				CLANG_WARN_OBJC_IMPLICIT_RETAIN_SELF = YES;
				CLANG_WARN_OBJC_LITERAL_CONVERSION = YES;
				CLANG_WARN_OBJC_ROOT_CLASS = YES_ERROR;
				CLANG_WARN_QUOTED_INCLUDE_IN_FRAMEWORK_HEADER = YES;
				CLANG_WARN_RANGE_LOOP_ANALYSIS = YES;
				CLANG_WARN_STRICT_PROTOTYPES = YES;
				CLANG_WARN_SUSPICIOUS_MOVE = YES;
				CLANG_WARN_UNGUARDED_AVAILABILITY = YES_AGGRESSIVE;
				CLANG_WARN_UNREACHABLE_CODE = YES;
				CLANG_WARN__DUPLICATE_METHOD_MATCH = YES;
				COPY_PHASE_STRIP = NO;
				DEBUG_INFORMATION_FORMAT = "dwarf-with-dsym";
				ENABLE_NS_ASSERTIONS = NO;
				ENABLE_STRICT_OBJC_MSGSEND = YES;
				GCC_C_LANGUAGE_STANDARD = gnu11;
				GCC_NO_COMMON_BLOCKS = YES;
				GCC_WARN_64_TO_32_BIT_CONVERSION = YES;
				GCC_WARN_ABOUT_RETURN_TYPE = YES_ERROR;
				GCC_WARN_UNDECLARED_SELECTOR = YES;
				GCC_WARN_UNINITIALIZED_AUTOS = YES_AGGRESSIVE;
				GCC_WARN_UNUSED_FUNCTION = YES;
				GCC_WARN_UNUSED_VARIABLE = YES;
				IPHONEOS_DEPLOYMENT_TARGET = 13.0;
				MTL_ENABLE_DEBUG_INFO = NO;
				MTL_FAST_MATH = YES;
				PRODUCT_NAME = "$(TARGET_NAME)";
				SDKROOT = iphoneos;
				SWIFT_COMPILATION_MODE = wholemodule;
				SWIFT_OPTIMIZATION_LEVEL = "-O";
				SWIFT_VERSION = 5.0;
			};
			name = Release;
		};
		89EE8D3EAD0A5DDEC148FA26 /* Release */ = {
			isa = XCBuildConfiguration;
			baseConfigurationReference = 060E6AFED0EC0CE927E465F8 /* Pods-ModularPodTest.release.xcconfig */;
			buildSettings = {
				ASSETCATALOG_COMPILER_APPICON_NAME = AppIcon;
				CODE_SIGN_IDENTITY = "iPhone Developer";
				CURRENT_PROJECT_VERSION = 1;
				INFOPLIST_FILE = ModularPodTest/Info.plist;
				LD_RUNPATH_SEARCH_PATHS = (
					"$(inherited)",
					"@executable_path/Frameworks",
				);
				MARKETING_VERSION = 1.0.0;
				PRODUCT_BUNDLE_IDENTIFIER = adereskita.ModularPodTest.ModularPodTest;
				SDKROOT = iphoneos;
				TARGETED_DEVICE_FAMILY = "1,2";
			};
			name = Release;
		};
/* End XCBuildConfiguration section */

/* Begin XCConfigurationList section */
		5E01088D1FFCEA9CE8AD5441 /* Build configuration list for PBXNativeTarget "ModularPodTest" */ = {
			isa = XCConfigurationList;
			buildConfigurations = (
				04D56C90683C995F5762F4EF /* Debug */,
				89EE8D3EAD0A5DDEC148FA26 /* Release */,
			);
			defaultConfigurationIsVisible = 0;
			defaultConfigurationName = Debug;
		};
		C1AA1BBDEBA8A2539509AF92 /* Build configuration list for PBXProject "ModularPodTest" */ = {
			isa = XCConfigurationList;
			buildConfigurations = (
				4CBC8A186F79FC56CE26EC37 /* Debug */,
				57494780BAD97F009BEEEA18 /* Release */,
			);
			defaultConfigurationIsVisible = 0;
			defaultConfigurationName = Debug;
		};
/* End XCConfigurationList section */
	};
	rootObject = D40187B2B507B9159CEB3227 /* Project object */;
}
